
Microsoft Visual Studio Solution File, Format Version 12.00
# Visual Studio Version 16
VisualStudioVersion = 16.0.30717.126
MinimumVisualStudioVersion = 10.0.40219.1
Project("{FAE04EC0-301F-11D3-BF4B-00C04F79EFBC}") = "MJPEGStreamPlayer", "MJPEGStreamPlayer.csproj", "{74B97669-344C-4C4C-B526-AF460E3BAA6F}"
EndProject
Global
	GlobalSection(SolutionConfigurationPlatforms) = preSolution
		Debug|Any CPU = Debug|Any CPU
		Release|Any CPU = Release|Any CPU
	EndGlobalSection
	GlobalSection(ProjectConfigurationPlatforms) = postSolution
		{74B97669-344C-4C4C-B526-AF460E3BAA6F}.Debug|Any CPU.ActiveCfg = Debug|Any CPU
		{74B97669-344C-4C4C-B526-AF460E3BAA6F}.Debug|Any CPU.Build.0 = Debug|Any CPU
		{74B97669-344C-4C4C-B526-AF460E3BAA6F}.Release|Any CPU.ActiveCfg = Release|Any CPU
		{74B97669-344C-4C4C-B526-AF460E3BAA6F}.Release|Any CPU.Build.0 = Release|Any CPU
	EndGlobalSection
	GlobalSection(SolutionProperties) = preSolution
		HideSolutionNode = FALSE
	EndGlobalSection
	GlobalSection(ExtensibilityGlobals) = postSolution
		SolutionGuid = {BC26D0B4-6C00-45F1-B014-874798638CC1}
	EndGlobalSection
EndGlobal
